
Microsoft Visual Studio Solution File, Format Version 12.00
# Visual Studio Version 17
VisualStudioVersion = 17.1.32421.90
MinimumVisualStudioVersion = 10.0.40219.1
Project("{FAE04EC0-301F-11D3-BF4B-00C04F79EFBC}") = "ejercicio clase5", "ejercicio clase5\ejercicio clase5.csproj", "{B7487ED4-1E2D-4A9A-83CC-89D7EA4BEC17}"
EndProject
Global
	GlobalSection(SolutionConfigurationPlatforms) = preSolution
		Debug|Any CPU = Debug|Any CPU
		Release|Any CPU = Release|Any CPU
	EndGlobalSection
	GlobalSection(ProjectConfigurationPlatforms) = postSolution
		{B7487ED4-1E2D-4A9A-83CC-89D7EA4BEC17}.Debug|Any CPU.ActiveCfg = Debug|Any CPU
		{B7487ED4-1E2D-4A9A-83CC-89D7EA4BEC17}.Debug|Any CPU.Build.0 = Debug|Any CPU
		{B7487ED4-1E2D-4A9A-83CC-89D7EA4BEC17}.Release|Any CPU.ActiveCfg = Release|Any CPU
		{B7487ED4-1E2D-4A9A-83CC-89D7EA4BEC17}.Release|Any CPU.Build.0 = Release|Any CPU
	EndGlobalSection
	GlobalSection(SolutionProperties) = preSolution
		HideSolutionNode = FALSE
	EndGlobalSection
	GlobalSection(ExtensibilityGlobals) = postSolution
		SolutionGuid = {FF1FFD92-1FA9-4F70-98EA-D25C75C9FD47}
	EndGlobalSection
EndGlobal
