
Microsoft Visual Studio Solution File, Format Version 12.00
# Visual Studio Version 17
VisualStudioVersion = 17.2.32516.85
MinimumVisualStudioVersion = 10.0.40219.1
Project("{FAE04EC0-301F-11D3-BF4B-00C04F79EFBC}") = "actiividad 5 solucion", "actiividad 5 solucion\actiividad 5 solucion.csproj", "{1CCFDBF1-8166-4F81-8531-2334D74E8CA5}"
EndProject
Global
	GlobalSection(SolutionConfigurationPlatforms) = preSolution
		Debug|Any CPU = Debug|Any CPU
		Release|Any CPU = Release|Any CPU
	EndGlobalSection
	GlobalSection(ProjectConfigurationPlatforms) = postSolution
		{1CCFDBF1-8166-4F81-8531-2334D74E8CA5}.Debug|Any CPU.ActiveCfg = Debug|Any CPU
		{1CCFDBF1-8166-4F81-8531-2334D74E8CA5}.Debug|Any CPU.Build.0 = Debug|Any CPU
		{1CCFDBF1-8166-4F81-8531-2334D74E8CA5}.Release|Any CPU.ActiveCfg = Release|Any CPU
		{1CCFDBF1-8166-4F81-8531-2334D74E8CA5}.Release|Any CPU.Build.0 = Release|Any CPU
	EndGlobalSection
	GlobalSection(SolutionProperties) = preSolution
		HideSolutionNode = FALSE
	EndGlobalSection
	GlobalSection(ExtensibilityGlobals) = postSolution
		SolutionGuid = {86392BDA-9F4B-4C79-B6DD-79478A31A302}
	EndGlobalSection
EndGlobal
