
Microsoft Visual Studio Solution File, Format Version 12.00
# Visual Studio Version 17
VisualStudioVersion = 17.2.32516.85
MinimumVisualStudioVersion = 10.0.40219.1
Project("{FAE04EC0-301F-11D3-BF4B-00C04F79EFBC}") = "Ejercicio 8", "Ejercicio 8\Ejercicio 8.csproj", "{97E2D27C-A392-4D83-8E17-77C3C2557542}"
EndProject
Global
	GlobalSection(SolutionConfigurationPlatforms) = preSolution
		Debug|Any CPU = Debug|Any CPU
		Release|Any CPU = Release|Any CPU
	EndGlobalSection
	GlobalSection(ProjectConfigurationPlatforms) = postSolution
		{97E2D27C-A392-4D83-8E17-77C3C2557542}.Debug|Any CPU.ActiveCfg = Debug|Any CPU
		{97E2D27C-A392-4D83-8E17-77C3C2557542}.Debug|Any CPU.Build.0 = Debug|Any CPU
		{97E2D27C-A392-4D83-8E17-77C3C2557542}.Release|Any CPU.ActiveCfg = Release|Any CPU
		{97E2D27C-A392-4D83-8E17-77C3C2557542}.Release|Any CPU.Build.0 = Release|Any CPU
	EndGlobalSection
	GlobalSection(SolutionProperties) = preSolution
		HideSolutionNode = FALSE
	EndGlobalSection
	GlobalSection(ExtensibilityGlobals) = postSolution
		SolutionGuid = {E0BD2364-1326-423C-8052-197608971D70}
	EndGlobalSection
EndGlobal
